// !$*UTF8*$!
{
	archiveVersion = 1;
	classes = {
	};
	objectVersion = 46;
	objects = {

/* Begin PBXBuildFile section */
		CD14BCE31A87A0B2005E2A59 /* main.m in Sources */ = {isa = PBXBuildFile; fileRef = CD14BCE21A87A0B2005E2A59 /* main.m */; };
		CD14BCE61A87A0B2005E2A59 /* AppDelegate.m in Sources */ = {isa = PBXBuildFile; fileRef = CD14BCE51A87A0B2005E2A59 /* AppDelegate.m */; };
		CD14BCE91A87A0B2005E2A59 /* ViewController.m in Sources */ = {isa = PBXBuildFile; fileRef = CD14BCE81A87A0B2005E2A59 /* ViewController.m */; };
		CD14BCEC1A87A0B2005E2A59 /* Main.storyboard in Resources */ = {isa = PBXBuildFile; fileRef = CD14BCEA1A87A0B2005E2A59 /* Main.storyboard */; };
		CD14BCEE1A87A0B2005E2A59 /* Images.xcassets in Resources */ = {isa = PBXBuildFile; fileRef = CD14BCED1A87A0B2005E2A59 /* Images.xcassets */; };
		CD14BCF11A87A0B2005E2A59 /* LaunchScreen.xib in Resources */ = {isa = PBXBuildFile; fileRef = CD14BCEF1A87A0B2005E2A59 /* LaunchScreen.xib */; };
		CD14BCFD1A87A0B2005E2A59 /* NVBaseSingletonTests.m in Sources */ = {isa = PBXBuildFile; fileRef = CD14BCFC1A87A0B2005E2A59 /* NVBaseSingletonTests.m */; };
/* End PBXBuildFile section */

/* Begin PBXContainerItemProxy section */
		CD14BCF71A87A0B2005E2A59 /* PBXContainerItemProxy */ = {
			isa = PBXContainerItemProxy;
			containerPortal = CD14BCD51A87A0B1005E2A59 /* Project object */;
			proxyType = 1;
			remoteGlobalIDString = CD14BCDC1A87A0B2005E2A59;
			remoteInfo = NVBaseSingleton;
		};
/* End PBXContainerItemProxy section */

/* Begin PBXFileReference section */
		CD14BCDD1A87A0B2005E2A59 /* NVBaseSingleton.app */ = {isa = PBXFileReference; explicitFileType = wrapper.application; includeInIndex = 0; path = NVBaseSingleton.app; sourceTree = BUILT_PRODUCTS_DIR; };
		CD14BCE11A87A0B2005E2A59 /* Info.plist */ = {isa = PBXFileReference; lastKnownFileType = text.plist.xml; path = Info.plist; sourceTree = "<group>"; };
		CD14BCE21A87A0B2005E2A59 /* main.m */ = {isa = PBXFileReference; lastKnownFileType = sourcecode.c.objc; path = main.m; sourceTree = "<group>"; };
		CD14BCE41A87A0B2005E2A59 /* AppDelegate.h */ = {isa = PBXFileReference; lastKnownFileType = sourcecode.c.h; path = AppDelegate.h; sourceTree = "<group>"; };
		CD14BCE51A87A0B2005E2A59 /* AppDelegate.m */ = {isa = PBXFileReference; lastKnownFileType = sourcecode.c.objc; path = AppDelegate.m; sourceTree = "<group>"; };
		CD14BCE71A87A0B2005E2A59 /* ViewController.h */ = {isa = PBXFileReference; lastKnownFileType = sourcecode.c.h; path = ViewController.h; sourceTree = "<group>"; };
		CD14BCE81A87A0B2005E2A59 /* ViewController.m */ = {isa = PBXFileReference; lastKnownFileType = sourcecode.c.objc; path = ViewController.m; sourceTree = "<group>"; };
		CD14BCEB1A87A0B2005E2A59 /* Base */ = {isa = PBXFileReference; lastKnownFileType = file.storyboard; name = Base; path = Base.lproj/Main.storyboard; sourceTree = "<group>"; };
		CD14BCED1A87A0B2005E2A59 /* Images.xcassets */ = {isa = PBXFileReference; lastKnownFileType = folder.assetcatalog; path = Images.xcassets; sourceTree = "<group>"; };
		CD14BCF01A87A0B2005E2A59 /* Base */ = {isa = PBXFileReference; lastKnownFileType = file.xib; name = Base; path = Base.lproj/LaunchScreen.xib; sourceTree = "<group>"; };
		CD14BCF61A87A0B2005E2A59 /* NVBaseSingletonTests.xctest */ = {isa = PBXFileReference; explicitFileType = wrapper.cfbundle; includeInIndex = 0; path = NVBaseSingletonTests.xctest; sourceTree = BUILT_PRODUCTS_DIR; };
		CD14BCFB1A87A0B2005E2A59 /* Info.plist */ = {isa = PBXFileReference; lastKnownFileType = text.plist.xml; path = Info.plist; sourceTree = "<group>"; };
		CD14BCFC1A87A0B2005E2A59 /* NVBaseSingletonTests.m */ = {isa = PBXFileReference; lastKnownFileType = sourcecode.c.objc; path = NVBaseSingletonTests.m; sourceTree = "<group>"; };
/* End PBXFileReference section */

/* Begin PBXFrameworksBuildPhase section */
		CD14BCDA1A87A0B2005E2A59 /* Frameworks */ = {
			isa = PBXFrameworksBuildPhase;
			buildActionMask = 2147483647;
			files = (
			);
			runOnlyForDeploymentPostprocessing = 0;
		};
		CD14BCF31A87A0B2005E2A59 /* Frameworks */ = {
			isa = PBXFrameworksBuildPhase;
			buildActionMask = 2147483647;
			files = (
			);
			runOnlyForDeploymentPostprocessing = 0;
		};
/* End PBXFrameworksBuildPhase section */

/* Begin PBXGroup section */
		CD14BCD41A87A0B1005E2A59 = {
			isa = PBXGroup;
			children = (
				CD14BCDF1A87A0B2005E2A59 /* NVBaseSingleton */,
				CD14BCF91A87A0B2005E2A59 /* NVBaseSingletonTests */,
				CD14BCDE1A87A0B2005E2A59 /* Products */,
			);
			sourceTree = "<group>";
		};
		CD14BCDE1A87A0B2005E2A59 /* Products */ = {
			isa = PBXGroup;
			children = (
				CD14BCDD1A87A0B2005E2A59 /* NVBaseSingleton.app */,
				CD14BCF61A87A0B2005E2A59 /* NVBaseSingletonTests.xctest */,
			);
			name = Products;
			sourceTree = "<group>";
		};
		CD14BCDF1A87A0B2005E2A59 /* NVBaseSingleton */ = {
			isa = PBXGroup;
			children = (
				CD14BCE41A87A0B2005E2A59 /* AppDelegate.h */,
				CD14BCE51A87A0B2005E2A59 /* AppDelegate.m */,
				CD14BCE71A87A0B2005E2A59 /* ViewController.h */,
				CD14BCE81A87A0B2005E2A59 /* ViewController.m */,
				CD14BCEA1A87A0B2005E2A59 /* Main.storyboard */,
				CD14BCED1A87A0B2005E2A59 /* Images.xcassets */,
				CD14BCEF1A87A0B2005E2A59 /* LaunchScreen.xib */,
				CD14BCE01A87A0B2005E2A59 /* Supporting Files */,
			);
			path = NVBaseSingleton;
			sourceTree = "<group>";
		};
		CD14BCE01A87A0B2005E2A59 /* Supporting Files */ = {
			isa = PBXGroup;
			children = (
				CD14BCE11A87A0B2005E2A59 /* Info.plist */,
				CD14BCE21A87A0B2005E2A59 /* main.m */,
			);
			name = "Supporting Files";
			sourceTree = "<group>";
		};
		CD14BCF91A87A0B2005E2A59 /* NVBaseSingletonTests */ = {
			isa = PBXGroup;
			children = (
				CD14BCFC1A87A0B2005E2A59 /* NVBaseSingletonTests.m */,
				CD14BCFA1A87A0B2005E2A59 /* Supporting Files */,
			);
			path = NVBaseSingletonTests;
			sourceTree = "<group>";
		};
		CD14BCFA1A87A0B2005E2A59 /* Supporting Files */ = {
			isa = PBXGroup;
			children = (
				CD14BCFB1A87A0B2005E2A59 /* Info.plist */,
			);
			name = "Supporting Files";
			sourceTree = "<group>";
		};
/* End PBXGroup section */

/* Begin PBXNativeTarget section */
		CD14BCDC1A87A0B2005E2A59 /* NVBaseSingleton */ = {
			isa = PBXNativeTarget;
			buildConfigurationList = CD14BD001A87A0B2005E2A59 /* Build configuration list for PBXNativeTarget "NVBaseSingleton" */;
			buildPhases = (
				CD14BCD91A87A0B2005E2A59 /* Sources */,
				CD14BCDA1A87A0B2005E2A59 /* Frameworks */,
				CD14BCDB1A87A0B2005E2A59 /* Resources */,
			);
			buildRules = (
			);
			dependencies = (
			);
			name = NVBaseSingleton;
			productName = NVBaseSingleton;
			productReference = CD14BCDD1A87A0B2005E2A59 /* NVBaseSingleton.app */;
			productType = "com.apple.product-type.application";
		};
		CD14BCF51A87A0B2005E2A59 /* NVBaseSingletonTests */ = {
			isa = PBXNativeTarget;
			buildConfigurationList = CD14BD031A87A0B2005E2A59 /* Build configuration list for PBXNativeTarget "NVBaseSingletonTests" */;
			buildPhases = (
				CD14BCF21A87A0B2005E2A59 /* Sources */,
				CD14BCF31A87A0B2005E2A59 /* Frameworks */,
				CD14BCF41A87A0B2005E2A59 /* Resources */,
			);
			buildRules = (
			);
			dependencies = (
				CD14BCF81A87A0B2005E2A59 /* PBXTargetDependency */,
			);
			name = NVBaseSingletonTests;
			productName = NVBaseSingletonTests;
			productReference = CD14BCF61A87A0B2005E2A59 /* NVBaseSingletonTests.xctest */;
			productType = "com.apple.product-type.bundle.unit-test";
		};
/* End PBXNativeTarget section */

/* Begin PBXProject section */
		CD14BCD51A87A0B1005E2A59 /* Project object */ = {
			isa = PBXProject;
			attributes = {
				LastUpgradeCheck = 0610;
				ORGANIZATIONNAME = Zhn;
				TargetAttributes = {
					CD14BCDC1A87A0B2005E2A59 = {
						CreatedOnToolsVersion = 6.1;
					};
					CD14BCF51A87A0B2005E2A59 = {
						CreatedOnToolsVersion = 6.1;
						TestTargetID = CD14BCDC1A87A0B2005E2A59;
					};
				};
			};
			buildConfigurationList = CD14BCD81A87A0B1005E2A59 /* Build configuration list for PBXProject "NVBaseSingleton" */;
			compatibilityVersion = "Xcode 3.2";
			developmentRegion = English;
			hasScannedForEncodings = 0;
			knownRegions = (
				en,
				Base,
			);
			mainGroup = CD14BCD41A87A0B1005E2A59;
			productRefGroup = CD14BCDE1A87A0B2005E2A59 /* Products */;
			projectDirPath = "";
			projectRoot = "";
			targets = (
				CD14BCDC1A87A0B2005E2A59 /* NVBaseSingleton */,
				CD14BCF51A87A0B2005E2A59 /* NVBaseSingletonTests */,
			);
		};
/* End PBXProject section */

/* Begin PBXResourcesBuildPhase section */
		CD14BCDB1A87A0B2005E2A59 /* Resources */ = {
			isa = PBXResourcesBuildPhase;
			buildActionMask = 2147483647;
			files = (
				CD14BCEC1A87A0B2005E2A59 /* Main.storyboard in Resources */,
				CD14BCF11A87A0B2005E2A59 /* LaunchScreen.xib in Resources */,
				CD14BCEE1A87A0B2005E2A59 /* Images.xcassets in Resources */,
			);
			runOnlyForDeploymentPostprocessing = 0;
		};
		CD14BCF41A87A0B2005E2A59 /* Resources */ = {
			isa = PBXResourcesBuildPhase;
			buildActionMask = 2147483647;
			files = (
			);
			runOnlyForDeploymentPostprocessing = 0;
		};
/* End PBXResourcesBuildPhase section */

/* Begin PBXSourcesBuildPhase section */
		CD14BCD91A87A0B2005E2A59 /* Sources */ = {
			isa = PBXSourcesBuildPhase;
			buildActionMask = 2147483647;
			files = (
				CD14BCE91A87A0B2005E2A59 /* ViewController.m in Sources */,
				CD14BCE61A87A0B2005E2A59 /* AppDelegate.m in Sources */,
				CD14BCE31A87A0B2005E2A59 /* main.m in Sources */,
			);
			runOnlyForDeploymentPostprocessing = 0;
		};
		CD14BCF21A87A0B2005E2A59 /* Sources */ = {
			isa = PBXSourcesBuildPhase;
			buildActionMask = 2147483647;
			files = (
				CD14BCFD1A87A0B2005E2A59 /* NVBaseSingletonTests.m in Sources */,
			);
			runOnlyForDeploymentPostprocessing = 0;
		};
/* End PBXSourcesBuildPhase section */

/* Begin PBXTargetDependency section */
		CD14BCF81A87A0B2005E2A59 /* PBXTargetDependency */ = {
			isa = PBXTargetDependency;
			target = CD14BCDC1A87A0B2005E2A59 /* NVBaseSingleton */;
			targetProxy = CD14BCF71A87A0B2005E2A59 /* PBXContainerItemProxy */;
		};
/* End PBXTargetDependency section */

/* Begin PBXVariantGroup section */
		CD14BCEA1A87A0B2005E2A59 /* Main.storyboard */ = {
			isa = PBXVariantGroup;
			children = (
				CD14BCEB1A87A0B2005E2A59 /* Base */,
			);
			name = Main.storyboard;
			sourceTree = "<group>";
		};
		CD14BCEF1A87A0B2005E2A59 /* LaunchScreen.xib */ = {
			isa = PBXVariantGroup;
			children = (
				CD14BCF01A87A0B2005E2A59 /* Base */,
			);
			name = LaunchScreen.xib;
			sourceTree = "<group>";
		};
/* End PBXVariantGroup section */

/* Begin XCBuildConfiguration section */
		CD14BCFE1A87A0B2005E2A59 /* Debug */ = {
			isa = XCBuildConfiguration;
			buildSettings = {
				ALWAYS_SEARCH_USER_PATHS = NO;
				CLANG_CXX_LANGUAGE_STANDARD = "gnu++0x";
				CLANG_CXX_LIBRARY = "libc++";
				CLANG_ENABLE_MODULES = YES;
				CLANG_ENABLE_OBJC_ARC = YES;
				CLANG_WARN_BOOL_CONVERSION = YES;
				CLANG_WARN_CONSTANT_CONVERSION = YES;
				CLANG_WARN_DIRECT_OBJC_ISA_USAGE = YES_ERROR;
				CLANG_WARN_EMPTY_BODY = YES;
				CLANG_WARN_ENUM_CONVERSION = YES;
				CLANG_WARN_INT_CONVERSION = YES;
				CLANG_WARN_OBJC_ROOT_CLASS = YES_ERROR;
				CLANG_WARN_UNREACHABLE_CODE = YES;
				CLANG_WARN__DUPLICATE_METHOD_MATCH = YES;
				"CODE_SIGN_IDENTITY[sdk=iphoneos*]" = "iPhone Developer";
				COPY_PHASE_STRIP = NO;
				ENABLE_STRICT_OBJC_MSGSEND = YES;
				GCC_C_LANGUAGE_STANDARD = gnu99;
				GCC_DYNAMIC_NO_PIC = NO;
				GCC_OPTIMIZATION_LEVEL = 0;
				GCC_PREPROCESSOR_DEFINITIONS = (
					"DEBUG=1",
					"$(inherited)",
				);
				GCC_SYMBOLS_PRIVATE_EXTERN = NO;
				GCC_WARN_64_TO_32_BIT_CONVERSION = YES;
				GCC_WARN_ABOUT_RETURN_TYPE = YES_ERROR;
				GCC_WARN_UNDECLARED_SELECTOR = YES;
				GCC_WARN_UNINITIALIZED_AUTOS = YES_AGGRESSIVE;
				GCC_WARN_UNUSED_FUNCTION = YES;
				GCC_WARN_UNUSED_VARIABLE = YES;
				IPHONEOS_DEPLOYMENT_TARGET = 8.1;
				MTL_ENABLE_DEBUG_INFO = YES;
				ONLY_ACTIVE_ARCH = YES;
				SDKROOT = iphoneos;
				TARGETED_DEVICE_FAMILY = "1,2";
			};
			name = Debug;
		};
		CD14BCFF1A87A0B2005E2A59 /* Release */ = {
			isa = XCBuildConfiguration;
			buildSettings = {
				ALWAYS_SEARCH_USER_PATHS = NO;
				CLANG_CXX_LANGUAGE_STANDARD = "gnu++0x";
				CLANG_CXX_LIBRARY = "libc++";
				CLANG_ENABLE_MODULES = YES;
				CLANG_ENABLE_OBJC_ARC = YES;
				CLANG_WARN_BOOL_CONVERSION = YES;
				CLANG_WARN_CONSTANT_CONVERSION = YES;
				CLANG_WARN_DIRECT_OBJC_ISA_USAGE = YES_ERROR;
				CLANG_WARN_EMPTY_BODY = YES;
				CLANG_WARN_ENUM_CONVERSION = YES;
				CLANG_WARN_INT_CONVERSION = YES;
				CLANG_WARN_OBJC_ROOT_CLASS = YES_ERROR;
				CLANG_WARN_UNREACHABLE_CODE = YES;
				CLANG_WARN__DUPLICATE_METHOD_MATCH = YES;
				"CODE_SIGN_IDENTITY[sdk=iphoneos*]" = "iPhone Developer";
				COPY_PHASE_STRIP = YES;
				ENABLE_NS_ASSERTIONS = NO;
				ENABLE_STRICT_OBJC_MSGSEND = YES;
				GCC_C_LANGUAGE_STANDARD = gnu99;
				GCC_WARN_64_TO_32_BIT_CONVERSION = YES;
				GCC_WARN_ABOUT_RETURN_TYPE = YES_ERROR;
				GCC_WARN_UNDECLARED_SELECTOR = YES;
				GCC_WARN_UNINITIALIZED_AUTOS = YES_AGGRESSIVE;
				GCC_WARN_UNUSED_FUNCTION = YES;
				GCC_WARN_UNUSED_VARIABLE = YES;
				IPHONEOS_DEPLOYMENT_TARGET = 8.1;
				MTL_ENABLE_DEBUG_INFO = NO;
				SDKROOT = iphoneos;
				TARGETED_DEVICE_FAMILY = "1,2";
				VALIDATE_PRODUCT = YES;
			};
			name = Release;
		};
		CD14BD011A87A0B2005E2A59 /* Debug */ = {
			isa = XCBuildConfiguration;
			buildSettings = {
				ASSETCATALOG_COMPILER_APPICON_NAME = AppIcon;
				INFOPLIST_FILE = NVBaseSingleton/Info.plist;
				LD_RUNPATH_SEARCH_PATHS = "$(inherited) @executable_path/Frameworks";
				PRODUCT_NAME = "$(TARGET_NAME)";
			};
			name = Debug;
		};
		CD14BD021A87A0B2005E2A59 /* Release */ = {
			isa = XCBuildConfiguration;
			buildSettings = {
				ASSETCATALOG_COMPILER_APPICON_NAME = AppIcon;
				INFOPLIST_FILE = NVBaseSingleton/Info.plist;
				LD_RUNPATH_SEARCH_PATHS = "$(inherited) @executable_path/Frameworks";
				PRODUCT_NAME = "$(TARGET_NAME)";
			};
			name = Release;
		};
		CD14BD041A87A0B2005E2A59 /* Debug */ = {
			isa = XCBuildConfiguration;
			buildSettings = {
				BUNDLE_LOADER = "$(TEST_HOST)";
				FRAMEWORK_SEARCH_PATHS = (
					"$(SDKROOT)/Developer/Library/Frameworks",
					"$(inherited)",
				);
				GCC_PREPROCESSOR_DEFINITIONS = (
					"DEBUG=1",
					"$(inherited)",
				);
				INFOPLIST_FILE = NVBaseSingletonTests/Info.plist;
				LD_RUNPATH_SEARCH_PATHS = "$(inherited) @executable_path/Frameworks @loader_path/Frameworks";
				PRODUCT_NAME = "$(TARGET_NAME)";
				TEST_HOST = "$(BUILT_PRODUCTS_DIR)/NVBaseSingleton.app/NVBaseSingleton";
			};
			name = Debug;
		};
		CD14BD051A87A0B2005E2A59 /* Release */ = {
			isa = XCBuildConfiguration;
			buildSettings = {
				BUNDLE_LOADER = "$(TEST_HOST)";
				FRAMEWORK_SEARCH_PATHS = (
					"$(SDKROOT)/Developer/Library/Frameworks",
					"$(inherited)",
				);
				INFOPLIST_FILE = NVBaseSingletonTests/Info.plist;
				LD_RUNPATH_SEARCH_PATHS = "$(inherited) @executable_path/Frameworks @loader_path/Frameworks";
				PRODUCT_NAME = "$(TARGET_NAME)";
				TEST_HOST = "$(BUILT_PRODUCTS_DIR)/NVBaseSingleton.app/NVBaseSingleton";
			};
			name = Release;
		};
/* End XCBuildConfiguration section */

/* Begin XCConfigurationList section */
		CD14BCD81A87A0B1005E2A59 /* Build configuration list for PBXProject "NVBaseSingleton" */ = {
			isa = XCConfigurationList;
			buildConfigurations = (
				CD14BCFE1A87A0B2005E2A59 /* Debug */,
				CD14BCFF1A87A0B2005E2A59 /* Release */,
			);
			defaultConfigurationIsVisible = 0;
			defaultConfigurationName = Release;
		};
		CD14BD001A87A0B2005E2A59 /* Build configuration list for PBXNativeTarget "NVBaseSingleton" */ = {
			isa = XCConfigurationList;
			buildConfigurations = (
				CD14BD011A87A0B2005E2A59 /* Debug */,
				CD14BD021A87A0B2005E2A59 /* Release */,
			);
			defaultConfigurationIsVisible = 0;
		};
		CD14BD031A87A0B2005E2A59 /* Build configuration list for PBXNativeTarget "NVBaseSingletonTests" */ = {
			isa = XCConfigurationList;
			buildConfigurations = (
				CD14BD041A87A0B2005E2A59 /* Debug */,
				CD14BD051A87A0B2005E2A59 /* Release */,
			);
			defaultConfigurationIsVisible = 0;
		};
/* End XCConfigurationList section */
	};
	rootObject = CD14BCD51A87A0B1005E2A59 /* Project object */;
}
